
Microsoft Visual Studio Solution File, Format Version 12.00
# Visual Studio Version 16
VisualStudioVersion = 16.0.31229.75
MinimumVisualStudioVersion = 10.0.40219.1
Project("{8BC9CEB8-8B4A-11D0-8D11-00A0C91BC942}") = "AKOS CPP", "AKOS CPP\AKOS CPP.vcxproj", "{839EFFE7-652B-4A15-A8FA-20B3357E74CA}"
EndProject
Global
	GlobalSection(SolutionConfigurationPlatforms) = preSolution
		Debug|x64 = Debug|x64
		Debug|x86 = Debug|x86
		Release|x64 = Release|x64
		Release|x86 = Release|x86
	EndGlobalSection
	GlobalSection(ProjectConfigurationPlatforms) = postSolution
		{839EFFE7-652B-4A15-A8FA-20B3357E74CA}.Debug|x64.ActiveCfg = Debug|x64
		{839EFFE7-652B-4A15-A8FA-20B3357E74CA}.Debug|x64.Build.0 = Debug|x64
		{839EFFE7-652B-4A15-A8FA-20B3357E74CA}.Debug|x86.ActiveCfg = Debug|Win32
		{839EFFE7-652B-4A15-A8FA-20B3357E74CA}.Debug|x86.Build.0 = Debug|Win32
		{839EFFE7-652B-4A15-A8FA-20B3357E74CA}.Release|x64.ActiveCfg = Release|x64
		{839EFFE7-652B-4A15-A8FA-20B3357E74CA}.Release|x64.Build.0 = Release|x64
		{839EFFE7-652B-4A15-A8FA-20B3357E74CA}.Release|x86.ActiveCfg = Release|Win32
		{839EFFE7-652B-4A15-A8FA-20B3357E74CA}.Release|x86.Build.0 = Release|Win32
	EndGlobalSection
	GlobalSection(SolutionProperties) = preSolution
		HideSolutionNode = FALSE
	EndGlobalSection
	GlobalSection(ExtensibilityGlobals) = postSolution
		SolutionGuid = {15759E9A-9C5F-4FE4-B0D0-45F1C503371D}
	EndGlobalSection
EndGlobal
