<?xml version="1.0" encoding="utf-8"?>
<Project ToolsVersion="4.0" xmlns="http://schemas.microsoft.com/developer/msbuild/2003">
  <ItemGroup>
    <Filter Include="Quelldateien">
      <UniqueIdentifier>{4FC737F1-C7A5-4376-A066-2A32D752A2FF}</UniqueIdentifier>
      <Extensions>cpp;c;cc;cxx;c++;cppm;ixx;def;odl;idl;hpj;bat;asm;asmx</Extensions>
    </Filter>
    <Filter Include="Headerdateien">
      <UniqueIdentifier>{93995380-89BD-4b04-88EB-625FBE52EBFB}</UniqueIdentifier>
      <Extensions>h;hh;hpp;hxx;h++;hm;inl;inc;ipp;xsd</Extensions>
    </Filter>
    <Filter Include="Ressourcendateien">
      <UniqueIdentifier>{67DA6AB6-F800-4c08-8B7A-83BB121AAD01}</UniqueIdentifier>
      <Extensions>rc;ico;cur;bmp;dlg;rc2;rct;bin;rgs;gif;jpg;jpeg;jpe;resx;tiff;tif;png;wav;mfcribbon-ms</Extensions>
    </Filter>
    <Filter Include="Headerdateien\Collision">
      <UniqueIdentifier>{3a630de7-1788-417d-aa0c-28990abde8a9}</UniqueIdentifier>
    </Filter>
    <Filter Include="Headerdateien\System">
      <UniqueIdentifier>{49bc72cd-6268-4257-8737-1060ed59bd62}</UniqueIdentifier>
    </Filter>
    <Filter Include="Quelldateien\System">
      <UniqueIdentifier>{e900b9f4-cc95-44ef-887a-7765e45456fd}</UniqueIdentifier>
    </Filter>
  </ItemGroup>
  <ItemGroup>
    <ClCompile Include="StartScreen.cpp">
      <Filter>Quelldateien</Filter>
    </ClCompile>
    <ClCompile Include="Vector2.h">
      <Filter>Headerdateien\Collision</Filter>
    </ClCompile>
    <ClCompile Include="KeyboardManager.cpp">
      <Filter>Quelldateien\System</Filter>
    </ClCompile>
    <ClCompile Include="MouseManager.cpp">
      <Filter>Quelldateien\System</Filter>
    </ClCompile>
    <ClCompile Include="OperatingSystem.cpp">
      <Filter>Quelldateien\System</Filter>
    </ClCompile>
    <ClCompile Include="TextRenderer.cpp">
      <Filter>Quelldateien\System</Filter>
    </ClCompile>
    <ClCompile Include="TextureManager.cpp">
      <Filter>Quelldateien\System</Filter>
    </ClCompile>
    <ClCompile Include="main.cpp">
      <Filter>Quelldateien\System</Filter>
    </ClCompile>
  </ItemGroup>
  <ItemGroup>
    <ClInclude Include="StartScreen.h">
      <Filter>Headerdateien</Filter>
    </ClInclude>
    <ClInclude Include="CollisionBox.h">
      <Filter>Headerdateien\Collision</Filter>
    </ClInclude>
    <ClInclude Include="CollisionCircle.h">
      <Filter>Headerdateien\Collision</Filter>
    </ClInclude>
    <ClInclude Include="CollisionManager.h">
      <Filter>Headerdateien\Collision</Filter>
    </ClInclude>
    <ClInclude Include="TextureManager.h">
      <Filter>Headerdateien\System</Filter>
    </ClInclude>
    <ClInclude Include="Color.h">
      <Filter>Headerdateien\System</Filter>
    </ClInclude>
    <ClInclude Include="MouseManager.h">
      <Filter>Headerdateien\System</Filter>
    </ClInclude>
    <ClInclude Include="OperatingSystem.h">
      <Filter>Headerdateien\System</Filter>
    </ClInclude>
    <ClInclude Include="KeyboardManager.h">
      <Filter>Headerdateien\System</Filter>
    </ClInclude>
    <ClInclude Include="TextRenderer.h">
      <Filter>Headerdateien\System</Filter>
    </ClInclude>
  </ItemGroup>
  <ItemGroup>
    <ResourceCompile Include="AKOS CPP.rc">
      <Filter>Ressourcendateien</Filter>
    </ResourceCompile>
  </ItemGroup>
</Project>